
Microsoft Visual Studio Solution File, Format Version 12.00
# Visual Studio 15
VisualStudioVersion = 15.0.27130.2027
MinimumVisualStudioVersion = 10.0.40219.1
Project("{9A19103F-16F7-4668-BE54-9A1E7A4F7556}") = "TodoApi", "TodoApi\TodoApi.csproj", "{7F22BB58-C5FA-44DA-B2FA-A3B02A40C953}"
EndProject
Global
	GlobalSection(SolutionConfigurationPlatforms) = preSolution
		Debug|Any CPU = Debug|Any CPU
		Release|Any CPU = Release|Any CPU
	EndGlobalSection
	GlobalSection(ProjectConfigurationPlatforms) = postSolution
		{7F22BB58-C5FA-44DA-B2FA-A3B02A40C953}.Debug|Any CPU.ActiveCfg = Debug|Any CPU
		{7F22BB58-C5FA-44DA-B2FA-A3B02A40C953}.Debug|Any CPU.Build.0 = Debug|Any CPU
		{7F22BB58-C5FA-44DA-B2FA-A3B02A40C953}.Release|Any CPU.ActiveCfg = Release|Any CPU
		{7F22BB58-C5FA-44DA-B2FA-A3B02A40C953}.Release|Any CPU.Build.0 = Release|Any CPU
	EndGlobalSection
	GlobalSection(SolutionProperties) = preSolution
		HideSolutionNode = FALSE
	EndGlobalSection
	GlobalSection(ExtensibilityGlobals) = postSolution
		SolutionGuid = {F0596526-9296-4DDA-9658-2ED428B5C26F}
	EndGlobalSection
EndGlobal
